{"version":4,"terraform_version":"1.10.7","serial":65,"lineage":"85f372e2-61ca-b1b6-78fe-05fa6a43fdb1","outputs":{"vms":{"value":{"apache2":{"ips":["192.168.200.212","No disponible","No disponible"],"nombre":"apache2"},"mariadb":{"ips":["192.168.200.117","No disponible","No disponible"],"nombre":"mariadb"},"nas":{"ips":["192.168.200.90","No disponible","No disponible"],"nombre":"nas"},"php":{"ips":["192.168.200.39","No disponible","No disponible"],"nombre":"php"}},"type":["object",{"apache2":["object",{"ips":["tuple",["string","string","string"]],"nombre":"string"}],"mariadb":["object",{"ips":["tuple",["string","string","string"]],"nombre":"string"}],"nas":["object",{"ips":["tuple",["string","string","string"]],"nombre":"string"}],"php":["object",{"ips":["tuple",["string","string","string"]],"nombre":"string"}]}]}},"resources":[{"module":"module.network[\"red-conf\"]","mode":"managed","type":"libvirt_network","name":"net","provider":"provider[\"registry.opentofu.org/dmacvicar/libvirt\"]","instances":[{"schema_version":0,"attributes":{"addresses":["192.168.201.0/24"],"autostart":true,"bridge":"br-conf","dhcp":[{"enabled":false}],"dns":[{"enabled":false,"forwarders":[],"hosts":[],"local_only":false,"srvs":[]}],"dnsmasq_options":[],"domain":null,"id":"f0a6b766-a9aa-4426-8376-55bd958ba1f3","mode":"none","mtu":null,"name":"red-conf","routes":[],"xml":[]},"sensitive_attributes":[],"private":"bnVsbA=="}]},{"module":"module.network[\"red-datos\"]","mode":"managed","type":"libvirt_network","name":"net","provider":"provider[\"registry.opentofu.org/dmacvicar/libvirt\"]","instances":[{"schema_version":0,"attributes":{"addresses":[],"autostart":true,"bridge":"br-datos","dhcp":[{"enabled":false}],"dns":[{"enabled":false,"forwarders":[],"hosts":[],"local_only":false,"srvs":[]}],"dnsmasq_options":[],"domain":null,"id":"09bbbe3b-b065-43d4-b94a-d4c5c33aed09","mode":"none","mtu":null,"name":"red-datos","routes":[],"xml":[]},"sensitive_attributes":[],"private":"bnVsbA=="}]},{"module":"module.network[\"red-externa\"]","mode":"managed","type":"libvirt_network","name":"net","provider":"provider[\"registry.opentofu.org/dmacvicar/libvirt\"]","instances":[{"schema_version":0,"attributes":{"addresses":["192.168.200.0/24"],"autostart":true,"bridge":"br-ex","dhcp":[{"enabled":true}],"dns":[{"enabled":true,"forwarders":[],"hosts":[],"local_only":false,"srvs":[]}],"dnsmasq_options":[],"domain":"example.com","id":"a8318f8f-23ca-48d0-b944-844f6d4b0c1e","mode":"nat","mtu":null,"name":"red-externa","routes":[],"xml":[]},"sensitive_attributes":[],"private":"bnVsbA=="}]},{"module":"module.server[\"apache2\"]","mode":"managed","type":"libvirt_cloudinit_disk","name":"cloudinit","provider":"provider[\"registry.opentofu.org/dmacvicar/libvirt\"]","instances":[{"index_key":0,"schema_version":0,"attributes":{"id":"/var/lib/libvirt/images/apache2-cloudinit.iso;5ebdbe90-9958-4843-b88b-4896c7e605ab","meta_data":"","name":"apache2-cloudinit.iso","network_config":"network:\n  version: 2\n  ethernets:\n    ens3:\n      dhcp4: true\n    ens4: \n      dhcp4: false\n      addresses: [\"192.168.201.3/24\"]\n    ens5: \n      dhcp4: false\n      addresses: [\"10.0.0.1/24\"]\n\n      \n","pool":"default","user_data":"#cloud-config\n\"chpasswd\":\n  \"expire\": false\n\"final_message\": \"== Plantilla Debian 13 lista – uptime: $UPTIME segundos ==\"\n\"hostname\": \"Deb13ProyectoApache\"\n\"keyboard\":\n  \"layout\": \"es\"\n  \"variant\": \"\"\n\"locale\": \"es_ES.UTF-8\"\n\"package_reboot_if_required\": true\n\"package_update\": true\n\"package_upgrade\": true\n\"packages\":\n- \"locales\"\n\"runcmd\":\n- \"sudo sed -i 's/^# *es_ES.UTF-8 UTF-8/es_ES.UTF-8 UTF-8/' /etc/locale.gen\"\n- \"sudo locale-gen\"\n- \"sudo update-locale LANG=es_ES.UTF-8 LANGUAGE=es_ES:es LC_ALL=es_ES.UTF-8\"\n- \"export LANG=es_ES.UTF-8\"\n- \"export LANGUAGE=es_ES:es\"\n- \"echo \\\"KEYMAP=es\\\" \u003e /etc/vconsole.conf\"\n- \"debian-setup-keyboard\"\n- \"apt-get autoremove -y\"\n- \"apt-get clean\"\n\"timezone\": \"Europe/Madrid\"\n\"users\":\n- \"groups\": \"users, admin, sudo\"\n  \"lock_passwd\": false\n  \"name\": \"usuario\"\n  \"plaintext_passwd\": \"usuario\"\n  \"shell\": \"/bin/bash\"\n  \"ssh-authorized-keys\":\n  - \"ssh-ed25519 AAAAC3NzaC1lZDI1NTE5AAAAIA/WRwQYdoC8TjYvTfam8j9eVOoOcC6h0dj82Ajh0Ld7\n    javier@DebianJJG\"\n  \"sudo\": \"ALL=(ALL) NOPASSWD:ALL\"\n\"write_files\":\n- \"content\": |\n    Acquire::ForceIPv4 \"true\";\n  \"path\": \"/etc/apt/apt.conf.d/99force-ipv4\"\n  \"permissions\": \"0644\"\n- \"content\": |\n    XKBMODEL=\"pc105\"\n    XKBLAYOUT=\"es\"\n    XKBVARIANT=\"\"\n    XKBOPTIONS=\"\"\n    BACKSPACE=\"guess\"\n  \"owner\": \"root:root\"\n  \"path\": \"/etc/default/keyboard\"\n  \"permissions\": \"0644\"\n"},"sensitive_attributes":[],"private":"bnVsbA=="}]},{"module":"module.server[\"apache2\"]","mode":"managed","type":"libvirt_domain","name":"vm","provider":"provider[\"registry.opentofu.org/dmacvicar/libvirt\"]","instances":[{"schema_version":0,"attributes":{"arch":"x86_64","autostart":false,"boot_device":[],"cloudinit":"/var/lib/libvirt/images/apache2-cloudinit.iso;5ebdbe90-9958-4843-b88b-4896c7e605ab","cmdline":null,"console":[],"coreos_ignition":null,"cpu":[{"mode":"custom"}],"description":"","disk":[{"block_device":"","file":"","scsi":false,"url":"","volume_id":"/var/lib/libvirt/images/apache2-linked.qcow2","wwn":""}],"emulator":"/usr/bin/qemu-system-x86_64","filesystem":[],"firmware":null,"fw_cfg_name":"opt/com.coreos/config","graphics":[],"id":"93ac94a6-4e54-4e0b-b1fb-c954907684c5","initrd":"","kernel":"","machine":"pc","memory":1024,"metadata":null,"name":"apache2","network_interface":[{"addresses":["192.168.200.212"],"bridge":"","hostname":"","mac":"52:54:00:B6:DC:31","macvtap":"","network_id":"a8318f8f-23ca-48d0-b944-844f6d4b0c1e","network_name":"red-externa","passthrough":"","vepa":"","wait_for_lease":true},{"addresses":[],"bridge":"","hostname":"","mac":"52:54:00:3A:2C:8C","macvtap":"","network_id":"f0a6b766-a9aa-4426-8376-55bd958ba1f3","network_name":"red-conf","passthrough":"","vepa":"","wait_for_lease":false},{"addresses":[],"bridge":"","hostname":"","mac":"52:54:00:46:57:5F","macvtap":"","network_id":"09bbbe3b-b065-43d4-b94a-d4c5c33aed09","network_name":"red-datos","passthrough":"","vepa":"","wait_for_lease":false}],"nvram":[],"qemu_agent":false,"running":true,"timeouts":null,"tpm":[],"type":"kvm","vcpu":1,"video":[],"xml":[]},"sensitive_attributes":[],"private":"eyJlMmJmYjczMC1lY2FhLTExZTYtOGY4OC0zNDM2M2JjN2M0YzAiOnsiY3JlYXRlIjozMDAwMDAwMDAwMDB9fQ==","dependencies":["module.network.libvirt_network.net","module.server.libvirt_cloudinit_disk.cloudinit","module.server.libvirt_volume.disk_main","module.server.libvirt_volume.extra_disks"]}]},{"module":"module.server[\"apache2\"]","mode":"managed","type":"libvirt_volume","name":"disk_main","provider":"provider[\"registry.opentofu.org/dmacvicar/libvirt\"]","instances":[{"schema_version":0,"attributes":{"base_volume_id":"/var/lib/libvirt/images/debian13-base.qcow2","base_volume_name":null,"base_volume_pool":null,"format":"qcow2","id":"/var/lib/libvirt/images/apache2-linked.qcow2","name":"apache2-linked.qcow2","pool":"default","size":3221225472,"source":null,"xml":[]},"sensitive_attributes":[],"private":"bnVsbA=="}]},{"module":"module.server[\"mariadb\"]","mode":"managed","type":"libvirt_cloudinit_disk","name":"cloudinit","provider":"provider[\"registry.opentofu.org/dmacvicar/libvirt\"]","instances":[{"index_key":0,"schema_version":0,"attributes":{"id":"/var/lib/libvirt/images/mariadb-cloudinit.iso;fa02204f-80a0-45fb-bc96-ba5b53cfa77d","meta_data":"","name":"mariadb-cloudinit.iso","network_config":"network:\n  version: 2\n  ethernets:\n    ens3:\n      dhcp4: true\n    ens4: \n      dhcp4: false\n      addresses: [\"192.168.201.2/24\"]\n    ens5: \n      dhcp4: false\n      addresses: [\"10.0.0.2/24\"]","pool":"default","user_data":"#cloud-config\n\"chpasswd\":\n  \"expire\": false\n\"final_message\": \"== Plantilla Debian 13 lista – uptime: $UPTIME segundos ==\"\n\"hostname\": \"Deb13ProyectoMariadb\"\n\"keyboard\":\n  \"layout\": \"es\"\n  \"variant\": \"\"\n\"locale\": \"es_ES.UTF-8\"\n\"package_reboot_if_required\": true\n\"package_update\": true\n\"package_upgrade\": true\n\"packages\":\n- \"locales\"\n\"runcmd\":\n- \"sudo sed -i 's/^# *es_ES.UTF-8 UTF-8/es_ES.UTF-8 UTF-8/' /etc/locale.gen\"\n- \"sudo locale-gen\"\n- \"sudo update-locale LANG=es_ES.UTF-8 LANGUAGE=es_ES:es LC_ALL=es_ES.UTF-8\"\n- \"export LANG=es_ES.UTF-8\"\n- \"export LANGUAGE=es_ES:es\"\n- \"echo \\\"KEYMAP=es\\\" \u003e /etc/vconsole.conf\"\n- \"debian-setup-keyboard\"\n- \"apt-get autoremove -y\"\n- \"apt-get clean\"\n\"timezone\": \"Europe/Madrid\"\n\"users\":\n- \"groups\": \"users, admin, sudo\"\n  \"lock_passwd\": false\n  \"name\": \"usuario\"\n  \"plaintext_passwd\": \"usuario\"\n  \"shell\": \"/bin/bash\"\n  \"ssh-authorized-keys\":\n  - \"ssh-ed25519 AAAAC3NzaC1lZDI1NTE5AAAAIA/WRwQYdoC8TjYvTfam8j9eVOoOcC6h0dj82Ajh0Ld7\n    javier@DebianJJG\"\n  \"sudo\": \"ALL=(ALL) NOPASSWD:ALL\"\n\"write_files\":\n- \"content\": |\n    Acquire::ForceIPv4 \"true\";\n  \"path\": \"/etc/apt/apt.conf.d/99force-ipv4\"\n  \"permissions\": \"0644\"\n- \"content\": |\n    XKBMODEL=\"pc105\"\n    XKBLAYOUT=\"es\"\n    XKBVARIANT=\"\"\n    XKBOPTIONS=\"\"\n    BACKSPACE=\"guess\"\n  \"owner\": \"root:root\"\n  \"path\": \"/etc/default/keyboard\"\n  \"permissions\": \"0644\"\n"},"sensitive_attributes":[],"private":"bnVsbA=="}]},{"module":"module.server[\"mariadb\"]","mode":"managed","type":"libvirt_domain","name":"vm","provider":"provider[\"registry.opentofu.org/dmacvicar/libvirt\"]","instances":[{"schema_version":0,"attributes":{"arch":"x86_64","autostart":false,"boot_device":[],"cloudinit":"/var/lib/libvirt/images/mariadb-cloudinit.iso;fa02204f-80a0-45fb-bc96-ba5b53cfa77d","cmdline":null,"console":[],"coreos_ignition":null,"cpu":[{"mode":"custom"}],"description":"","disk":[{"block_device":"","file":"","scsi":false,"url":"","volume_id":"/var/lib/libvirt/images/mariadb-linked.qcow2","wwn":""}],"emulator":"/usr/bin/qemu-system-x86_64","filesystem":[],"firmware":null,"fw_cfg_name":"opt/com.coreos/config","graphics":[],"id":"a77a6dfa-1726-449a-a6ba-2496b29d6de3","initrd":"","kernel":"","machine":"pc","memory":1024,"metadata":null,"name":"mariadb","network_interface":[{"addresses":["192.168.200.117"],"bridge":"","hostname":"","mac":"52:54:00:3E:42:0A","macvtap":"","network_id":"a8318f8f-23ca-48d0-b944-844f6d4b0c1e","network_name":"red-externa","passthrough":"","vepa":"","wait_for_lease":true},{"addresses":[],"bridge":"","hostname":"","mac":"52:54:00:EA:75:6B","macvtap":"","network_id":"f0a6b766-a9aa-4426-8376-55bd958ba1f3","network_name":"red-conf","passthrough":"","vepa":"","wait_for_lease":false},{"addresses":[],"bridge":"","hostname":"","mac":"52:54:00:DA:0E:1F","macvtap":"","network_id":"09bbbe3b-b065-43d4-b94a-d4c5c33aed09","network_name":"red-datos","passthrough":"","vepa":"","wait_for_lease":false}],"nvram":[],"qemu_agent":false,"running":true,"timeouts":null,"tpm":[],"type":"kvm","vcpu":1,"video":[],"xml":[]},"sensitive_attributes":[],"private":"eyJlMmJmYjczMC1lY2FhLTExZTYtOGY4OC0zNDM2M2JjN2M0YzAiOnsiY3JlYXRlIjozMDAwMDAwMDAwMDB9fQ==","dependencies":["module.network.libvirt_network.net","module.server.libvirt_cloudinit_disk.cloudinit","module.server.libvirt_volume.disk_main","module.server.libvirt_volume.extra_disks"]}]},{"module":"module.server[\"mariadb\"]","mode":"managed","type":"libvirt_volume","name":"disk_main","provider":"provider[\"registry.opentofu.org/dmacvicar/libvirt\"]","instances":[{"schema_version":0,"attributes":{"base_volume_id":"/var/lib/libvirt/images/ubuntu2404-base.qcow2","base_volume_name":null,"base_volume_pool":null,"format":"qcow2","id":"/var/lib/libvirt/images/mariadb-linked.qcow2","name":"mariadb-linked.qcow2","pool":"default","size":10737418240,"source":null,"xml":[]},"sensitive_attributes":[],"private":"bnVsbA=="}]},{"module":"module.server[\"nas\"]","mode":"managed","type":"libvirt_cloudinit_disk","name":"cloudinit","provider":"provider[\"registry.opentofu.org/dmacvicar/libvirt\"]","instances":[{"index_key":0,"schema_version":0,"attributes":{"id":"/var/lib/libvirt/images/nas-cloudinit.iso;dc9a9dd6-7ffc-475b-83ce-eb83cfc312ee","meta_data":"","name":"nas-cloudinit.iso","network_config":"network:\n  version: 2\n  ethernets:\n    ens3:\n      dhcp4: true\n    ens4: \n      dhcp4: false\n      addresses: [\"192.168.201.5/24\"]\n    ens5: \n      dhcp4: false\n      addresses: [\"10.0.0.4/24\"]\n\n      \n","pool":"default","user_data":"#cloud-config\n\"chpasswd\":\n  \"expire\": false\n\"final_message\": \"== Plantilla Debian 13 lista – uptime: $UPTIME segundos ==\"\n\"hostname\": \"Deb13ProyectoNAS\"\n\"keyboard\":\n  \"layout\": \"es\"\n  \"variant\": \"\"\n\"locale\": \"es_ES.UTF-8\"\n\"package_reboot_if_required\": true\n\"package_update\": true\n\"package_upgrade\": true\n\"packages\":\n- \"locales\"\n\"runcmd\":\n- \"sudo sed -i 's/^# *es_ES.UTF-8 UTF-8/es_ES.UTF-8 UTF-8/' /etc/locale.gen\"\n- \"sudo locale-gen\"\n- \"sudo update-locale LANG=es_ES.UTF-8 LANGUAGE=es_ES:es LC_ALL=es_ES.UTF-8\"\n- \"export LANG=es_ES.UTF-8\"\n- \"export LANGUAGE=es_ES:es\"\n- \"echo \\\"KEYMAP=es\\\" \u003e /etc/vconsole.conf\"\n- \"debian-setup-keyboard\"\n- \"apt-get autoremove -y\"\n- \"apt-get clean\"\n\"timezone\": \"Europe/Madrid\"\n\"users\":\n- \"groups\": \"users, admin, sudo\"\n  \"lock_passwd\": false\n  \"name\": \"usuario\"\n  \"plaintext_passwd\": \"usuario\"\n  \"shell\": \"/bin/bash\"\n  \"ssh-authorized-keys\":\n  - \"ssh-ed25519 AAAAC3NzaC1lZDI1NTE5AAAAIA/WRwQYdoC8TjYvTfam8j9eVOoOcC6h0dj82Ajh0Ld7\n    javier@DebianJJG\"\n  \"sudo\": \"ALL=(ALL) NOPASSWD:ALL\"\n\"write_files\":\n- \"content\": |\n    Acquire::ForceIPv4 \"true\";\n  \"path\": \"/etc/apt/apt.conf.d/99force-ipv4\"\n  \"permissions\": \"0644\"\n- \"content\": |\n    XKBMODEL=\"pc105\"\n    XKBLAYOUT=\"es\"\n    XKBVARIANT=\"\"\n    XKBOPTIONS=\"\"\n    BACKSPACE=\"guess\"\n  \"owner\": \"root:root\"\n  \"path\": \"/etc/default/keyboard\"\n  \"permissions\": \"0644\"\n"},"sensitive_attributes":[],"private":"bnVsbA=="}]},{"module":"module.server[\"nas\"]","mode":"managed","type":"libvirt_domain","name":"vm","provider":"provider[\"registry.opentofu.org/dmacvicar/libvirt\"]","instances":[{"schema_version":0,"attributes":{"arch":"x86_64","autostart":false,"boot_device":[],"cloudinit":"/var/lib/libvirt/images/nas-cloudinit.iso;dc9a9dd6-7ffc-475b-83ce-eb83cfc312ee","cmdline":null,"console":[],"coreos_ignition":null,"cpu":[{"mode":"custom"}],"description":"","disk":[{"block_device":"","file":"","scsi":false,"url":"","volume_id":"/var/lib/libvirt/images/nas-linked.qcow2","wwn":""}],"emulator":"/usr/bin/qemu-system-x86_64","filesystem":[],"firmware":null,"fw_cfg_name":"opt/com.coreos/config","graphics":[],"id":"b8b5fba3-b464-4efb-bd6e-0ff8bd6578a8","initrd":"","kernel":"","machine":"pc","memory":1024,"metadata":null,"name":"nas","network_interface":[{"addresses":["192.168.200.90"],"bridge":"","hostname":"","mac":"52:54:00:0E:74:DA","macvtap":"","network_id":"a8318f8f-23ca-48d0-b944-844f6d4b0c1e","network_name":"red-externa","passthrough":"","vepa":"","wait_for_lease":true},{"addresses":[],"bridge":"","hostname":"","mac":"52:54:00:E6:A4:15","macvtap":"","network_id":"f0a6b766-a9aa-4426-8376-55bd958ba1f3","network_name":"red-conf","passthrough":"","vepa":"","wait_for_lease":false},{"addresses":[],"bridge":"","hostname":"","mac":"52:54:00:8E:55:C8","macvtap":"","network_id":"09bbbe3b-b065-43d4-b94a-d4c5c33aed09","network_name":"red-datos","passthrough":"","vepa":"","wait_for_lease":false}],"nvram":[],"qemu_agent":false,"running":true,"timeouts":null,"tpm":[],"type":"kvm","vcpu":1,"video":[],"xml":[]},"sensitive_attributes":[],"private":"eyJlMmJmYjczMC1lY2FhLTExZTYtOGY4OC0zNDM2M2JjN2M0YzAiOnsiY3JlYXRlIjozMDAwMDAwMDAwMDB9fQ==","dependencies":["module.network.libvirt_network.net","module.server.libvirt_cloudinit_disk.cloudinit","module.server.libvirt_volume.disk_main","module.server.libvirt_volume.extra_disks"]}]},{"module":"module.server[\"nas\"]","mode":"managed","type":"libvirt_volume","name":"disk_main","provider":"provider[\"registry.opentofu.org/dmacvicar/libvirt\"]","instances":[{"schema_version":0,"attributes":{"base_volume_id":"/var/lib/libvirt/images/debian13-base.qcow2","base_volume_name":null,"base_volume_pool":null,"format":"qcow2","id":"/var/lib/libvirt/images/nas-linked.qcow2","name":"nas-linked.qcow2","pool":"default","size":3221225472,"source":null,"xml":[]},"sensitive_attributes":[],"private":"bnVsbA=="}]},{"module":"module.server[\"php\"]","mode":"managed","type":"libvirt_cloudinit_disk","name":"cloudinit","provider":"provider[\"registry.opentofu.org/dmacvicar/libvirt\"]","instances":[{"index_key":0,"schema_version":0,"attributes":{"id":"/var/lib/libvirt/images/php-cloudinit.iso;b8a9e972-3c1c-4d81-bd77-df1e42c4679e","meta_data":"","name":"php-cloudinit.iso","network_config":"network:\n  version: 2\n  ethernets:\n    ens3:\n      dhcp4: true\n    ens4: \n      dhcp4: false\n      addresses: [\"192.168.201.4/24\"]\n    ens5: \n      dhcp4: false\n      addresses: [\"10.0.0.3/24\"]\n\n      \n","pool":"default","user_data":"#cloud-config\n\"chpasswd\":\n  \"expire\": false\n\"final_message\": \"== Plantilla Debian 13 lista – uptime: $UPTIME segundos ==\"\n\"hostname\": \"Deb13ProyectoPHP\"\n\"keyboard\":\n  \"layout\": \"es\"\n  \"variant\": \"\"\n\"locale\": \"es_ES.UTF-8\"\n\"package_reboot_if_required\": true\n\"package_update\": true\n\"package_upgrade\": true\n\"packages\":\n- \"locales\"\n\"runcmd\":\n- \"sudo sed -i 's/^# *es_ES.UTF-8 UTF-8/es_ES.UTF-8 UTF-8/' /etc/locale.gen\"\n- \"sudo locale-gen\"\n- \"sudo update-locale LANG=es_ES.UTF-8 LANGUAGE=es_ES:es LC_ALL=es_ES.UTF-8\"\n- \"export LANG=es_ES.UTF-8\"\n- \"export LANGUAGE=es_ES:es\"\n- \"echo \\\"KEYMAP=es\\\" \u003e /etc/vconsole.conf\"\n- \"debian-setup-keyboard\"\n- \"apt-get autoremove -y\"\n- \"apt-get clean\"\n\"timezone\": \"Europe/Madrid\"\n\"users\":\n- \"groups\": \"users, admin, sudo\"\n  \"lock_passwd\": false\n  \"name\": \"usuario\"\n  \"plaintext_passwd\": \"usuario\"\n  \"shell\": \"/bin/bash\"\n  \"ssh-authorized-keys\":\n  - \"ssh-ed25519 AAAAC3NzaC1lZDI1NTE5AAAAIA/WRwQYdoC8TjYvTfam8j9eVOoOcC6h0dj82Ajh0Ld7\n    javier@DebianJJG\"\n  \"sudo\": \"ALL=(ALL) NOPASSWD:ALL\"\n\"write_files\":\n- \"content\": |\n    Acquire::ForceIPv4 \"true\";\n  \"path\": \"/etc/apt/apt.conf.d/99force-ipv4\"\n  \"permissions\": \"0644\"\n- \"content\": |\n    XKBMODEL=\"pc105\"\n    XKBLAYOUT=\"es\"\n    XKBVARIANT=\"\"\n    XKBOPTIONS=\"\"\n    BACKSPACE=\"guess\"\n  \"owner\": \"root:root\"\n  \"path\": \"/etc/default/keyboard\"\n  \"permissions\": \"0644\"\n"},"sensitive_attributes":[],"private":"bnVsbA=="}]},{"module":"module.server[\"php\"]","mode":"managed","type":"libvirt_domain","name":"vm","provider":"provider[\"registry.opentofu.org/dmacvicar/libvirt\"]","instances":[{"schema_version":0,"attributes":{"arch":"x86_64","autostart":false,"boot_device":[],"cloudinit":"/var/lib/libvirt/images/php-cloudinit.iso;b8a9e972-3c1c-4d81-bd77-df1e42c4679e","cmdline":null,"console":[],"coreos_ignition":null,"cpu":[{"mode":"custom"}],"description":"","disk":[{"block_device":"","file":"","scsi":false,"url":"","volume_id":"/var/lib/libvirt/images/php-linked.qcow2","wwn":""}],"emulator":"/usr/bin/qemu-system-x86_64","filesystem":[],"firmware":null,"fw_cfg_name":"opt/com.coreos/config","graphics":[],"id":"9fe00730-8abc-4e0e-8b03-726bc994975d","initrd":"","kernel":"","machine":"pc","memory":1024,"metadata":null,"name":"php","network_interface":[{"addresses":["192.168.200.39"],"bridge":"","hostname":"","mac":"52:54:00:76:04:D9","macvtap":"","network_id":"a8318f8f-23ca-48d0-b944-844f6d4b0c1e","network_name":"red-externa","passthrough":"","vepa":"","wait_for_lease":true},{"addresses":[],"bridge":"","hostname":"","mac":"52:54:00:D6:63:E3","macvtap":"","network_id":"f0a6b766-a9aa-4426-8376-55bd958ba1f3","network_name":"red-conf","passthrough":"","vepa":"","wait_for_lease":false},{"addresses":[],"bridge":"","hostname":"","mac":"52:54:00:3A:79:39","macvtap":"","network_id":"09bbbe3b-b065-43d4-b94a-d4c5c33aed09","network_name":"red-datos","passthrough":"","vepa":"","wait_for_lease":false}],"nvram":[],"qemu_agent":false,"running":true,"timeouts":null,"tpm":[],"type":"kvm","vcpu":1,"video":[],"xml":[]},"sensitive_attributes":[],"private":"eyJlMmJmYjczMC1lY2FhLTExZTYtOGY4OC0zNDM2M2JjN2M0YzAiOnsiY3JlYXRlIjozMDAwMDAwMDAwMDB9fQ==","dependencies":["module.network.libvirt_network.net","module.server.libvirt_cloudinit_disk.cloudinit","module.server.libvirt_volume.disk_main","module.server.libvirt_volume.extra_disks"]}]},{"module":"module.server[\"php\"]","mode":"managed","type":"libvirt_volume","name":"disk_main","provider":"provider[\"registry.opentofu.org/dmacvicar/libvirt\"]","instances":[{"schema_version":0,"attributes":{"base_volume_id":"/var/lib/libvirt/images/debian13-base.qcow2","base_volume_name":null,"base_volume_pool":null,"format":"qcow2","id":"/var/lib/libvirt/images/php-linked.qcow2","name":"php-linked.qcow2","pool":"default","size":3221225472,"source":null,"xml":[]},"sensitive_attributes":[],"private":"bnVsbA=="}]}],"check_results":null}
