{"version":4,"terraform_version":"1.10.7","serial":56,"lineage":"85f372e2-61ca-b1b6-78fe-05fa6a43fdb1","outputs":{"vms":{"value":{"apache2":{"ips":["192.168.200.177","No disponible","No disponible"],"nombre":"apache2"},"mariadb":{"ips":["192.168.200.176","No disponible","No disponible"],"nombre":"mariadb"},"nas":{"ips":["192.168.200.200","No disponible","No disponible"],"nombre":"nas"},"php":{"ips":["192.168.200.59","No disponible","No disponible"],"nombre":"php"}},"type":["object",{"apache2":["object",{"ips":["tuple",["string","string","string"]],"nombre":"string"}],"mariadb":["object",{"ips":["tuple",["string","string","string"]],"nombre":"string"}],"nas":["object",{"ips":["tuple",["string","string","string"]],"nombre":"string"}],"php":["object",{"ips":["tuple",["string","string","string"]],"nombre":"string"}]}]}},"resources":[{"module":"module.network[\"red-conf\"]","mode":"managed","type":"libvirt_network","name":"net","provider":"provider[\"registry.opentofu.org/dmacvicar/libvirt\"]","instances":[{"schema_version":0,"attributes":{"addresses":["192.168.201.0/24"],"autostart":true,"bridge":"br-conf","dhcp":[{"enabled":false}],"dns":[{"enabled":false,"forwarders":[],"hosts":[],"local_only":false,"srvs":[]}],"dnsmasq_options":[],"domain":null,"id":"f873c9ae-1d78-4a9b-906d-ea644be4f15a","mode":"none","mtu":null,"name":"red-conf","routes":[],"xml":[]},"sensitive_attributes":[],"private":"bnVsbA=="}]},{"module":"module.network[\"red-datos\"]","mode":"managed","type":"libvirt_network","name":"net","provider":"provider[\"registry.opentofu.org/dmacvicar/libvirt\"]","instances":[{"schema_version":0,"attributes":{"addresses":[],"autostart":true,"bridge":"br-datos","dhcp":[{"enabled":false}],"dns":[{"enabled":false,"forwarders":[],"hosts":[],"local_only":false,"srvs":[]}],"dnsmasq_options":[],"domain":null,"id":"1265d361-cdda-4504-a678-629b5348fbff","mode":"none","mtu":null,"name":"red-datos","routes":[],"xml":[]},"sensitive_attributes":[],"private":"bnVsbA=="}]},{"module":"module.network[\"red-externa\"]","mode":"managed","type":"libvirt_network","name":"net","provider":"provider[\"registry.opentofu.org/dmacvicar/libvirt\"]","instances":[{"schema_version":0,"attributes":{"addresses":["192.168.200.0/24"],"autostart":true,"bridge":"br-ex","dhcp":[{"enabled":true}],"dns":[{"enabled":true,"forwarders":[],"hosts":[],"local_only":false,"srvs":[]}],"dnsmasq_options":[],"domain":"example.com","id":"c85a9333-1be0-472f-8b5a-0bb8156a8e2a","mode":"nat","mtu":null,"name":"red-externa","routes":[],"xml":[]},"sensitive_attributes":[],"private":"bnVsbA=="}]},{"module":"module.server[\"apache2\"]","mode":"managed","type":"libvirt_cloudinit_disk","name":"cloudinit","provider":"provider[\"registry.opentofu.org/dmacvicar/libvirt\"]","instances":[{"index_key":0,"schema_version":0,"attributes":{"id":"/var/lib/libvirt/images/apache2-cloudinit.iso;ec7bac96-13cb-4e40-86d9-972c9f761643","meta_data":"","name":"apache2-cloudinit.iso","network_config":"network:\n  version: 2\n  ethernets:\n    ens3:\n      dhcp4: true\n    ens4: \n      dhcp4: false\n      addresses: [\"192.168.201.3/24\"]\n    ens5: \n      dhcp4: false\n      addresses: [\"10.0.0.1/24\"]\n\n      \n","pool":"default","user_data":"#cloud-config\n\"chpasswd\":\n  \"expire\": false\n\"final_message\": \"== Plantilla Debian 13 lista – uptime: $UPTIME segundos ==\"\n\"hostname\": \"Deb13ProyectoApache\"\n\"keyboard\":\n  \"layout\": \"es\"\n  \"variant\": \"\"\n\"locale\": \"es_ES.UTF-8\"\n\"package_reboot_if_required\": true\n\"package_update\": true\n\"package_upgrade\": true\n\"packages\":\n- \"locales\"\n\"runcmd\":\n- \"sudo sed -i 's/^# *es_ES.UTF-8 UTF-8/es_ES.UTF-8 UTF-8/' /etc/locale.gen\"\n- \"sudo locale-gen\"\n- \"sudo update-locale LANG=es_ES.UTF-8 LANGUAGE=es_ES:es LC_ALL=es_ES.UTF-8\"\n- \"export LANG=es_ES.UTF-8\"\n- \"export LANGUAGE=es_ES:es\"\n- \"echo \\\"KEYMAP=es\\\" \u003e /etc/vconsole.conf\"\n- \"debian-setup-keyboard\"\n- \"apt-get autoremove -y\"\n- \"apt-get clean\"\n\"timezone\": \"Europe/Madrid\"\n\"users\":\n- \"groups\": \"users, admin, sudo\"\n  \"lock_passwd\": false\n  \"name\": \"usuario\"\n  \"plaintext_passwd\": \"usuario\"\n  \"shell\": \"/bin/bash\"\n  \"ssh-authorized-keys\":\n  - \"ssh-ed25519 AAAAC3NzaC1lZDI1NTE5AAAAIA/WRwQYdoC8TjYvTfam8j9eVOoOcC6h0dj82Ajh0Ld7\n    javier@DebianJJG\"\n  \"sudo\": \"ALL=(ALL) NOPASSWD:ALL\"\n\"write_files\":\n- \"content\": |\n    Acquire::ForceIPv4 \"true\";\n  \"path\": \"/etc/apt/apt.conf.d/99force-ipv4\"\n  \"permissions\": \"0644\"\n- \"content\": |\n    XKBMODEL=\"pc105\"\n    XKBLAYOUT=\"es\"\n    XKBVARIANT=\"\"\n    XKBOPTIONS=\"\"\n    BACKSPACE=\"guess\"\n  \"owner\": \"root:root\"\n  \"path\": \"/etc/default/keyboard\"\n  \"permissions\": \"0644\"\n"},"sensitive_attributes":[],"private":"bnVsbA=="}]},{"module":"module.server[\"apache2\"]","mode":"managed","type":"libvirt_domain","name":"vm","provider":"provider[\"registry.opentofu.org/dmacvicar/libvirt\"]","instances":[{"schema_version":0,"attributes":{"arch":"x86_64","autostart":false,"boot_device":[],"cloudinit":"/var/lib/libvirt/images/apache2-cloudinit.iso;ec7bac96-13cb-4e40-86d9-972c9f761643","cmdline":null,"console":[],"coreos_ignition":null,"cpu":[{"mode":"custom"}],"description":"","disk":[{"block_device":"","file":"","scsi":false,"url":"","volume_id":"/var/lib/libvirt/images/apache2-linked.qcow2","wwn":""}],"emulator":"/usr/bin/qemu-system-x86_64","filesystem":[],"firmware":null,"fw_cfg_name":"opt/com.coreos/config","graphics":[],"id":"dd570939-e114-4283-9376-e15c300e5986","initrd":"","kernel":"","machine":"pc","memory":1024,"metadata":null,"name":"apache2","network_interface":[{"addresses":["192.168.200.177"],"bridge":"","hostname":"","mac":"52:54:00:DA:53:E9","macvtap":"","network_id":"c85a9333-1be0-472f-8b5a-0bb8156a8e2a","network_name":"red-externa","passthrough":"","vepa":"","wait_for_lease":true},{"addresses":[],"bridge":"","hostname":"","mac":"52:54:00:3E:25:4F","macvtap":"","network_id":"f873c9ae-1d78-4a9b-906d-ea644be4f15a","network_name":"red-conf","passthrough":"","vepa":"","wait_for_lease":false},{"addresses":[],"bridge":"","hostname":"","mac":"52:54:00:2A:84:96","macvtap":"","network_id":"1265d361-cdda-4504-a678-629b5348fbff","network_name":"red-datos","passthrough":"","vepa":"","wait_for_lease":false}],"nvram":[],"qemu_agent":false,"running":true,"timeouts":null,"tpm":[],"type":"kvm","vcpu":1,"video":[],"xml":[]},"sensitive_attributes":[],"private":"eyJlMmJmYjczMC1lY2FhLTExZTYtOGY4OC0zNDM2M2JjN2M0YzAiOnsiY3JlYXRlIjozMDAwMDAwMDAwMDB9fQ==","dependencies":["module.network.libvirt_network.net","module.server.libvirt_cloudinit_disk.cloudinit","module.server.libvirt_volume.disk_main","module.server.libvirt_volume.extra_disks"]}]},{"module":"module.server[\"apache2\"]","mode":"managed","type":"libvirt_volume","name":"disk_main","provider":"provider[\"registry.opentofu.org/dmacvicar/libvirt\"]","instances":[{"schema_version":0,"attributes":{"base_volume_id":"/var/lib/libvirt/images/debian13-base.qcow2","base_volume_name":null,"base_volume_pool":null,"format":"qcow2","id":"/var/lib/libvirt/images/apache2-linked.qcow2","name":"apache2-linked.qcow2","pool":"default","size":3221225472,"source":null,"xml":[]},"sensitive_attributes":[],"private":"bnVsbA=="}]},{"module":"module.server[\"mariadb\"]","mode":"managed","type":"libvirt_cloudinit_disk","name":"cloudinit","provider":"provider[\"registry.opentofu.org/dmacvicar/libvirt\"]","instances":[{"index_key":0,"schema_version":0,"attributes":{"id":"/var/lib/libvirt/images/mariadb-cloudinit.iso;404d7175-9f7d-406b-9ff6-ffc1e60498a8","meta_data":"","name":"mariadb-cloudinit.iso","network_config":"network:\n  version: 2\n  ethernets:\n    ens3:\n      dhcp4: true\n    ens4: \n      dhcp4: false\n      addresses: [\"192.168.201.2/24\"]\n    ens5: \n      dhcp4: false\n      addresses: [\"10.0.0.2/24\"]","pool":"default","user_data":"#cloud-config\n\"chpasswd\":\n  \"expire\": false\n\"final_message\": \"== Plantilla Debian 13 lista – uptime: $UPTIME segundos ==\"\n\"hostname\": \"Deb13ProyectoMariadb\"\n\"keyboard\":\n  \"layout\": \"es\"\n  \"variant\": \"\"\n\"locale\": \"es_ES.UTF-8\"\n\"package_reboot_if_required\": true\n\"package_update\": true\n\"package_upgrade\": true\n\"packages\":\n- \"locales\"\n\"runcmd\":\n- \"sudo sed -i 's/^# *es_ES.UTF-8 UTF-8/es_ES.UTF-8 UTF-8/' /etc/locale.gen\"\n- \"sudo locale-gen\"\n- \"sudo update-locale LANG=es_ES.UTF-8 LANGUAGE=es_ES:es LC_ALL=es_ES.UTF-8\"\n- \"export LANG=es_ES.UTF-8\"\n- \"export LANGUAGE=es_ES:es\"\n- \"echo \\\"KEYMAP=es\\\" \u003e /etc/vconsole.conf\"\n- \"debian-setup-keyboard\"\n- \"apt-get autoremove -y\"\n- \"apt-get clean\"\n\"timezone\": \"Europe/Madrid\"\n\"users\":\n- \"groups\": \"users, admin, sudo\"\n  \"lock_passwd\": false\n  \"name\": \"usuario\"\n  \"plaintext_passwd\": \"usuario\"\n  \"shell\": \"/bin/bash\"\n  \"ssh-authorized-keys\":\n  - \"ssh-ed25519 AAAAC3NzaC1lZDI1NTE5AAAAIA/WRwQYdoC8TjYvTfam8j9eVOoOcC6h0dj82Ajh0Ld7\n    javier@DebianJJG\"\n  \"sudo\": \"ALL=(ALL) NOPASSWD:ALL\"\n\"write_files\":\n- \"content\": |\n    Acquire::ForceIPv4 \"true\";\n  \"path\": \"/etc/apt/apt.conf.d/99force-ipv4\"\n  \"permissions\": \"0644\"\n- \"content\": |\n    XKBMODEL=\"pc105\"\n    XKBLAYOUT=\"es\"\n    XKBVARIANT=\"\"\n    XKBOPTIONS=\"\"\n    BACKSPACE=\"guess\"\n  \"owner\": \"root:root\"\n  \"path\": \"/etc/default/keyboard\"\n  \"permissions\": \"0644\"\n"},"sensitive_attributes":[],"private":"bnVsbA=="}]},{"module":"module.server[\"mariadb\"]","mode":"managed","type":"libvirt_domain","name":"vm","provider":"provider[\"registry.opentofu.org/dmacvicar/libvirt\"]","instances":[{"schema_version":0,"attributes":{"arch":"x86_64","autostart":false,"boot_device":[],"cloudinit":"/var/lib/libvirt/images/mariadb-cloudinit.iso;404d7175-9f7d-406b-9ff6-ffc1e60498a8","cmdline":null,"console":[],"coreos_ignition":null,"cpu":[{"mode":"custom"}],"description":"","disk":[{"block_device":"","file":"","scsi":false,"url":"","volume_id":"/var/lib/libvirt/images/mariadb-linked.qcow2","wwn":""}],"emulator":"/usr/bin/qemu-system-x86_64","filesystem":[],"firmware":null,"fw_cfg_name":"opt/com.coreos/config","graphics":[],"id":"40795fc9-4a6d-461b-879f-301b2d72fe7a","initrd":"","kernel":"","machine":"pc","memory":1024,"metadata":null,"name":"mariadb","network_interface":[{"addresses":["192.168.200.176"],"bridge":"","hostname":"","mac":"52:54:00:76:09:F7","macvtap":"","network_id":"c85a9333-1be0-472f-8b5a-0bb8156a8e2a","network_name":"red-externa","passthrough":"","vepa":"","wait_for_lease":true},{"addresses":[],"bridge":"","hostname":"","mac":"52:54:00:4E:F0:07","macvtap":"","network_id":"f873c9ae-1d78-4a9b-906d-ea644be4f15a","network_name":"red-conf","passthrough":"","vepa":"","wait_for_lease":false},{"addresses":[],"bridge":"","hostname":"","mac":"52:54:00:E2:66:E4","macvtap":"","network_id":"1265d361-cdda-4504-a678-629b5348fbff","network_name":"red-datos","passthrough":"","vepa":"","wait_for_lease":false}],"nvram":[],"qemu_agent":false,"running":true,"timeouts":null,"tpm":[],"type":"kvm","vcpu":1,"video":[],"xml":[]},"sensitive_attributes":[],"private":"eyJlMmJmYjczMC1lY2FhLTExZTYtOGY4OC0zNDM2M2JjN2M0YzAiOnsiY3JlYXRlIjozMDAwMDAwMDAwMDB9fQ==","dependencies":["module.network.libvirt_network.net","module.server.libvirt_cloudinit_disk.cloudinit","module.server.libvirt_volume.disk_main","module.server.libvirt_volume.extra_disks"]}]},{"module":"module.server[\"mariadb\"]","mode":"managed","type":"libvirt_volume","name":"disk_main","provider":"provider[\"registry.opentofu.org/dmacvicar/libvirt\"]","instances":[{"schema_version":0,"attributes":{"base_volume_id":"/var/lib/libvirt/images/ubuntu2404-base.qcow2","base_volume_name":null,"base_volume_pool":null,"format":"qcow2","id":"/var/lib/libvirt/images/mariadb-linked.qcow2","name":"mariadb-linked.qcow2","pool":"default","size":10737418240,"source":null,"xml":[]},"sensitive_attributes":[],"private":"bnVsbA=="}]},{"module":"module.server[\"nas\"]","mode":"managed","type":"libvirt_cloudinit_disk","name":"cloudinit","provider":"provider[\"registry.opentofu.org/dmacvicar/libvirt\"]","instances":[{"index_key":0,"schema_version":0,"attributes":{"id":"/var/lib/libvirt/images/nas-cloudinit.iso;d3555158-966f-405e-8c6f-c736f1065511","meta_data":"","name":"nas-cloudinit.iso","network_config":"network:\n  version: 2\n  ethernets:\n    ens3:\n      dhcp4: true\n    ens4: \n      dhcp4: false\n      addresses: [\"192.168.201.5/24\"]\n    ens5: \n      dhcp4: false\n      addresses: [\"10.0.0.4/24\"]\n\n      \n","pool":"default","user_data":"#cloud-config\n\"chpasswd\":\n  \"expire\": false\n\"final_message\": \"== Plantilla Debian 13 lista – uptime: $UPTIME segundos ==\"\n\"hostname\": \"Deb13ProyectoNAS\"\n\"keyboard\":\n  \"layout\": \"es\"\n  \"variant\": \"\"\n\"locale\": \"es_ES.UTF-8\"\n\"package_reboot_if_required\": true\n\"package_update\": true\n\"package_upgrade\": true\n\"packages\":\n- \"locales\"\n\"runcmd\":\n- \"sudo sed -i 's/^# *es_ES.UTF-8 UTF-8/es_ES.UTF-8 UTF-8/' /etc/locale.gen\"\n- \"sudo locale-gen\"\n- \"sudo update-locale LANG=es_ES.UTF-8 LANGUAGE=es_ES:es LC_ALL=es_ES.UTF-8\"\n- \"export LANG=es_ES.UTF-8\"\n- \"export LANGUAGE=es_ES:es\"\n- \"echo \\\"KEYMAP=es\\\" \u003e /etc/vconsole.conf\"\n- \"debian-setup-keyboard\"\n- \"apt-get autoremove -y\"\n- \"apt-get clean\"\n\"timezone\": \"Europe/Madrid\"\n\"users\":\n- \"groups\": \"users, admin, sudo\"\n  \"lock_passwd\": false\n  \"name\": \"usuario\"\n  \"plaintext_passwd\": \"usuario\"\n  \"shell\": \"/bin/bash\"\n  \"ssh-authorized-keys\":\n  - \"ssh-ed25519 AAAAC3NzaC1lZDI1NTE5AAAAIA/WRwQYdoC8TjYvTfam8j9eVOoOcC6h0dj82Ajh0Ld7\n    javier@DebianJJG\"\n  \"sudo\": \"ALL=(ALL) NOPASSWD:ALL\"\n\"write_files\":\n- \"content\": |\n    Acquire::ForceIPv4 \"true\";\n  \"path\": \"/etc/apt/apt.conf.d/99force-ipv4\"\n  \"permissions\": \"0644\"\n- \"content\": |\n    XKBMODEL=\"pc105\"\n    XKBLAYOUT=\"es\"\n    XKBVARIANT=\"\"\n    XKBOPTIONS=\"\"\n    BACKSPACE=\"guess\"\n  \"owner\": \"root:root\"\n  \"path\": \"/etc/default/keyboard\"\n  \"permissions\": \"0644\"\n"},"sensitive_attributes":[],"private":"bnVsbA=="}]},{"module":"module.server[\"nas\"]","mode":"managed","type":"libvirt_domain","name":"vm","provider":"provider[\"registry.opentofu.org/dmacvicar/libvirt\"]","instances":[{"schema_version":0,"attributes":{"arch":"x86_64","autostart":false,"boot_device":[],"cloudinit":"/var/lib/libvirt/images/nas-cloudinit.iso;d3555158-966f-405e-8c6f-c736f1065511","cmdline":null,"console":[],"coreos_ignition":null,"cpu":[{"mode":"custom"}],"description":"","disk":[{"block_device":"","file":"","scsi":false,"url":"","volume_id":"/var/lib/libvirt/images/nas-linked.qcow2","wwn":""}],"emulator":"/usr/bin/qemu-system-x86_64","filesystem":[],"firmware":null,"fw_cfg_name":"opt/com.coreos/config","graphics":[],"id":"10c73700-3299-4074-a338-ee051fa73ebe","initrd":"","kernel":"","machine":"pc","memory":1024,"metadata":null,"name":"nas","network_interface":[{"addresses":["192.168.200.200"],"bridge":"","hostname":"","mac":"52:54:00:BE:B7:50","macvtap":"","network_id":"c85a9333-1be0-472f-8b5a-0bb8156a8e2a","network_name":"red-externa","passthrough":"","vepa":"","wait_for_lease":true},{"addresses":[],"bridge":"","hostname":"","mac":"52:54:00:8E:FB:6B","macvtap":"","network_id":"f873c9ae-1d78-4a9b-906d-ea644be4f15a","network_name":"red-conf","passthrough":"","vepa":"","wait_for_lease":false},{"addresses":[],"bridge":"","hostname":"","mac":"52:54:00:D2:D1:91","macvtap":"","network_id":"1265d361-cdda-4504-a678-629b5348fbff","network_name":"red-datos","passthrough":"","vepa":"","wait_for_lease":false}],"nvram":[],"qemu_agent":false,"running":true,"timeouts":null,"tpm":[],"type":"kvm","vcpu":1,"video":[],"xml":[]},"sensitive_attributes":[],"private":"eyJlMmJmYjczMC1lY2FhLTExZTYtOGY4OC0zNDM2M2JjN2M0YzAiOnsiY3JlYXRlIjozMDAwMDAwMDAwMDB9fQ==","dependencies":["module.network.libvirt_network.net","module.server.libvirt_cloudinit_disk.cloudinit","module.server.libvirt_volume.disk_main","module.server.libvirt_volume.extra_disks"]}]},{"module":"module.server[\"nas\"]","mode":"managed","type":"libvirt_volume","name":"disk_main","provider":"provider[\"registry.opentofu.org/dmacvicar/libvirt\"]","instances":[{"schema_version":0,"attributes":{"base_volume_id":"/var/lib/libvirt/images/debian13-base.qcow2","base_volume_name":null,"base_volume_pool":null,"format":"qcow2","id":"/var/lib/libvirt/images/nas-linked.qcow2","name":"nas-linked.qcow2","pool":"default","size":3221225472,"source":null,"xml":[]},"sensitive_attributes":[],"private":"bnVsbA=="}]},{"module":"module.server[\"php\"]","mode":"managed","type":"libvirt_cloudinit_disk","name":"cloudinit","provider":"provider[\"registry.opentofu.org/dmacvicar/libvirt\"]","instances":[{"index_key":0,"schema_version":0,"attributes":{"id":"/var/lib/libvirt/images/php-cloudinit.iso;47bf32e4-4137-41bf-a008-f5cd1493e4cb","meta_data":"","name":"php-cloudinit.iso","network_config":"network:\n  version: 2\n  ethernets:\n    ens3:\n      dhcp4: true\n    ens4: \n      dhcp4: false\n      addresses: [\"192.168.201.4/24\"]\n    ens5: \n      dhcp4: false\n      addresses: [\"10.0.0.3/24\"]\n\n      \n","pool":"default","user_data":"#cloud-config\n\"chpasswd\":\n  \"expire\": false\n\"final_message\": \"== Plantilla Debian 13 lista – uptime: $UPTIME segundos ==\"\n\"hostname\": \"Deb13ProyectoPHP\"\n\"keyboard\":\n  \"layout\": \"es\"\n  \"variant\": \"\"\n\"locale\": \"es_ES.UTF-8\"\n\"package_reboot_if_required\": true\n\"package_update\": true\n\"package_upgrade\": true\n\"packages\":\n- \"locales\"\n\"runcmd\":\n- \"sudo sed -i 's/^# *es_ES.UTF-8 UTF-8/es_ES.UTF-8 UTF-8/' /etc/locale.gen\"\n- \"sudo locale-gen\"\n- \"sudo update-locale LANG=es_ES.UTF-8 LANGUAGE=es_ES:es LC_ALL=es_ES.UTF-8\"\n- \"export LANG=es_ES.UTF-8\"\n- \"export LANGUAGE=es_ES:es\"\n- \"echo \\\"KEYMAP=es\\\" \u003e /etc/vconsole.conf\"\n- \"debian-setup-keyboard\"\n- \"apt-get autoremove -y\"\n- \"apt-get clean\"\n\"timezone\": \"Europe/Madrid\"\n\"users\":\n- \"groups\": \"users, admin, sudo\"\n  \"lock_passwd\": false\n  \"name\": \"usuario\"\n  \"plaintext_passwd\": \"usuario\"\n  \"shell\": \"/bin/bash\"\n  \"ssh-authorized-keys\":\n  - \"ssh-ed25519 AAAAC3NzaC1lZDI1NTE5AAAAIA/WRwQYdoC8TjYvTfam8j9eVOoOcC6h0dj82Ajh0Ld7\n    javier@DebianJJG\"\n  \"sudo\": \"ALL=(ALL) NOPASSWD:ALL\"\n\"write_files\":\n- \"content\": |\n    Acquire::ForceIPv4 \"true\";\n  \"path\": \"/etc/apt/apt.conf.d/99force-ipv4\"\n  \"permissions\": \"0644\"\n- \"content\": |\n    XKBMODEL=\"pc105\"\n    XKBLAYOUT=\"es\"\n    XKBVARIANT=\"\"\n    XKBOPTIONS=\"\"\n    BACKSPACE=\"guess\"\n  \"owner\": \"root:root\"\n  \"path\": \"/etc/default/keyboard\"\n  \"permissions\": \"0644\"\n"},"sensitive_attributes":[],"private":"bnVsbA=="}]},{"module":"module.server[\"php\"]","mode":"managed","type":"libvirt_domain","name":"vm","provider":"provider[\"registry.opentofu.org/dmacvicar/libvirt\"]","instances":[{"schema_version":0,"attributes":{"arch":"x86_64","autostart":false,"boot_device":[],"cloudinit":"/var/lib/libvirt/images/php-cloudinit.iso;47bf32e4-4137-41bf-a008-f5cd1493e4cb","cmdline":null,"console":[],"coreos_ignition":null,"cpu":[{"mode":"custom"}],"description":"","disk":[{"block_device":"","file":"","scsi":false,"url":"","volume_id":"/var/lib/libvirt/images/php-linked.qcow2","wwn":""}],"emulator":"/usr/bin/qemu-system-x86_64","filesystem":[],"firmware":null,"fw_cfg_name":"opt/com.coreos/config","graphics":[],"id":"6a3cd5ab-7bfd-405b-928f-328984d87e76","initrd":"","kernel":"","machine":"pc","memory":1024,"metadata":null,"name":"php","network_interface":[{"addresses":["192.168.200.59"],"bridge":"","hostname":"","mac":"52:54:00:32:AF:D2","macvtap":"","network_id":"c85a9333-1be0-472f-8b5a-0bb8156a8e2a","network_name":"red-externa","passthrough":"","vepa":"","wait_for_lease":true},{"addresses":[],"bridge":"","hostname":"","mac":"52:54:00:F6:A8:DA","macvtap":"","network_id":"f873c9ae-1d78-4a9b-906d-ea644be4f15a","network_name":"red-conf","passthrough":"","vepa":"","wait_for_lease":false},{"addresses":[],"bridge":"","hostname":"","mac":"52:54:00:16:40:36","macvtap":"","network_id":"1265d361-cdda-4504-a678-629b5348fbff","network_name":"red-datos","passthrough":"","vepa":"","wait_for_lease":false}],"nvram":[],"qemu_agent":false,"running":true,"timeouts":null,"tpm":[],"type":"kvm","vcpu":1,"video":[],"xml":[]},"sensitive_attributes":[],"private":"eyJlMmJmYjczMC1lY2FhLTExZTYtOGY4OC0zNDM2M2JjN2M0YzAiOnsiY3JlYXRlIjozMDAwMDAwMDAwMDB9fQ==","dependencies":["module.network.libvirt_network.net","module.server.libvirt_cloudinit_disk.cloudinit","module.server.libvirt_volume.disk_main","module.server.libvirt_volume.extra_disks"]}]},{"module":"module.server[\"php\"]","mode":"managed","type":"libvirt_volume","name":"disk_main","provider":"provider[\"registry.opentofu.org/dmacvicar/libvirt\"]","instances":[{"schema_version":0,"attributes":{"base_volume_id":"/var/lib/libvirt/images/debian13-base.qcow2","base_volume_name":null,"base_volume_pool":null,"format":"qcow2","id":"/var/lib/libvirt/images/php-linked.qcow2","name":"php-linked.qcow2","pool":"default","size":3221225472,"source":null,"xml":[]},"sensitive_attributes":[],"private":"bnVsbA=="}]}],"check_results":null}
